
Microsoft Visual Studio Solution File, Format Version 12.00
# Visual Studio 14
VisualStudioVersion = 14.0.25420.1
MinimumVisualStudioVersion = 10.0.40219.1
Project("{FAE04EC0-301F-11D3-BF4B-00C04F79EFBC}") = "everframework", "everframework\everframework.csproj", "{5BB1C70D-2ADD-455A-8908-386690929F69}"
EndProject
Project("{FAE04EC0-301F-11D3-BF4B-00C04F79EFBC}") = "everframeworktests", "everframeworktests\everframeworktests.csproj", "{D4E9E7F6-1EDC-4457-A3BF-8F81F2AB694A}"
EndProject
Global
	GlobalSection(SolutionConfigurationPlatforms) = preSolution
		Debug|Any CPU = Debug|Any CPU
		Release|Any CPU = Release|Any CPU
	EndGlobalSection
	GlobalSection(ProjectConfigurationPlatforms) = postSolution
		{5BB1C70D-2ADD-455A-8908-386690929F69}.Debug|Any CPU.ActiveCfg = Debug|Any CPU
		{5BB1C70D-2ADD-455A-8908-386690929F69}.Debug|Any CPU.Build.0 = Debug|Any CPU
		{5BB1C70D-2ADD-455A-8908-386690929F69}.Release|Any CPU.ActiveCfg = Release|Any CPU
		{5BB1C70D-2ADD-455A-8908-386690929F69}.Release|Any CPU.Build.0 = Release|Any CPU
		{D4E9E7F6-1EDC-4457-A3BF-8F81F2AB694A}.Debug|Any CPU.ActiveCfg = Debug|Any CPU
		{D4E9E7F6-1EDC-4457-A3BF-8F81F2AB694A}.Debug|Any CPU.Build.0 = Debug|Any CPU
		{D4E9E7F6-1EDC-4457-A3BF-8F81F2AB694A}.Release|Any CPU.ActiveCfg = Release|Any CPU
		{D4E9E7F6-1EDC-4457-A3BF-8F81F2AB694A}.Release|Any CPU.Build.0 = Release|Any CPU
	EndGlobalSection
	GlobalSection(SolutionProperties) = preSolution
		HideSolutionNode = FALSE
	EndGlobalSection
EndGlobal
